
Microsoft Visual Studio Solution File, Format Version 12.00
# Visual Studio 14
VisualStudioVersion = 14.0.25420.1
MinimumVisualStudioVersion = 10.0.40219.1
Project("{FAE04EC0-301F-11D3-BF4B-00C04F79EFBC}") = "BuildWebDeployPackage", "BuildWebDeployPackage\BuildWebDeployPackage.csproj", "{3C28BC5D-59F6-4D68-AFCC-1DBFEC6B50B3}"
EndProject
Project("{2150E333-8FDC-42A3-9474-1A3956D46DE8}") = "Solution Items", "Solution Items", "{D1E32950-B82B-415F-9B13-596FC97761F7}"
	ProjectSection(SolutionItems) = preProject
		Build.proj = Build.proj
		Build_debug.cmd = Build_debug.cmd
		Build_release.cmd = Build_release.cmd
		Build_stage.cmd = Build_stage.cmd
	EndProjectSection
EndProject
Global
	GlobalSection(SolutionConfigurationPlatforms) = preSolution
		Debug|Any CPU = Debug|Any CPU
		Release|Any CPU = Release|Any CPU
		Stage|Any CPU = Stage|Any CPU
	EndGlobalSection
	GlobalSection(ProjectConfigurationPlatforms) = postSolution
		{3C28BC5D-59F6-4D68-AFCC-1DBFEC6B50B3}.Debug|Any CPU.ActiveCfg = Debug|Any CPU
		{3C28BC5D-59F6-4D68-AFCC-1DBFEC6B50B3}.Debug|Any CPU.Build.0 = Debug|Any CPU
		{3C28BC5D-59F6-4D68-AFCC-1DBFEC6B50B3}.Release|Any CPU.ActiveCfg = Release|Any CPU
		{3C28BC5D-59F6-4D68-AFCC-1DBFEC6B50B3}.Release|Any CPU.Build.0 = Release|Any CPU
		{3C28BC5D-59F6-4D68-AFCC-1DBFEC6B50B3}.Stage|Any CPU.ActiveCfg = Stage|Any CPU
		{3C28BC5D-59F6-4D68-AFCC-1DBFEC6B50B3}.Stage|Any CPU.Build.0 = Stage|Any CPU
	EndGlobalSection
	GlobalSection(SolutionProperties) = preSolution
		HideSolutionNode = FALSE
	EndGlobalSection
EndGlobal
